
Microsoft Visual Studio Solution File, Format Version 12.00
# Visual Studio 2013
VisualStudioVersion = 12.0.40629.0
MinimumVisualStudioVersion = 10.0.40219.1
Project("{FAE04EC0-301F-11D3-BF4B-00C04F79EFBC}") = "ConnectionGroupBuilder", "ConnectionGroupBuilder\ConnectionGroupBuilder.csproj", "{83FD2BCC-CEF8-4439-B419-4EC3271AD2EE}"
EndProject
Project("{FAE04EC0-301F-11D3-BF4B-00C04F79EFBC}") = "ConnectionGroupBuilder.Core", "ConnectionGroupBuilder.Core\ConnectionGroupBuilder.Core.csproj", "{3E076074-0A36-4FE5-B7AD-2FC12F91E72B}"
EndProject
Global
	GlobalSection(SolutionConfigurationPlatforms) = preSolution
		Debug|Any CPU = Debug|Any CPU
		Release|Any CPU = Release|Any CPU
	EndGlobalSection
	GlobalSection(ProjectConfigurationPlatforms) = postSolution
		{83FD2BCC-CEF8-4439-B419-4EC3271AD2EE}.Debug|Any CPU.ActiveCfg = Debug|Any CPU
		{83FD2BCC-CEF8-4439-B419-4EC3271AD2EE}.Debug|Any CPU.Build.0 = Debug|Any CPU
		{83FD2BCC-CEF8-4439-B419-4EC3271AD2EE}.Release|Any CPU.ActiveCfg = Release|Any CPU
		{83FD2BCC-CEF8-4439-B419-4EC3271AD2EE}.Release|Any CPU.Build.0 = Release|Any CPU
		{3E076074-0A36-4FE5-B7AD-2FC12F91E72B}.Debug|Any CPU.ActiveCfg = Debug|Any CPU
		{3E076074-0A36-4FE5-B7AD-2FC12F91E72B}.Debug|Any CPU.Build.0 = Debug|Any CPU
		{3E076074-0A36-4FE5-B7AD-2FC12F91E72B}.Release|Any CPU.ActiveCfg = Release|Any CPU
		{3E076074-0A36-4FE5-B7AD-2FC12F91E72B}.Release|Any CPU.Build.0 = Release|Any CPU
	EndGlobalSection
	GlobalSection(SolutionProperties) = preSolution
		HideSolutionNode = FALSE
	EndGlobalSection
EndGlobal
